
Microsoft Visual Studio Solution File, Format Version 12.00
# Visual Studio Version 16
VisualStudioVersion = 16.0.30002.166
MinimumVisualStudioVersion = 15.0.26124.0
Project("{9A19103F-16F7-4668-BE54-9A1E7A4F7556}") = "Ookbee.Ads.Application", "src\Ookbee.Ads.Application\Ookbee.Ads.Application.csproj", "{51544C9B-2509-4FAF-A014-9148A35D5E3D}"
EndProject
Project("{9A19103F-16F7-4668-BE54-9A1E7A4F7556}") = "Ookbee.Ads.Common", "src\Ookbee.Ads.Common\Ookbee.Ads.Common.csproj", "{42D06D5D-BA05-497A-97EC-7E6C8A8A1499}"
EndProject
Project("{9A19103F-16F7-4668-BE54-9A1E7A4F7556}") = "Ookbee.Ads.Domain", "src\Ookbee.Ads.Domain\Ookbee.Ads.Domain.csproj", "{2338C7FC-95B7-46C2-9A3E-043AD8462EEA}"
EndProject
Project("{9A19103F-16F7-4668-BE54-9A1E7A4F7556}") = "Ookbee.Ads.Infrastructure", "src\Ookbee.Ads.Infrastructure\Ookbee.Ads.Infrastructure.csproj", "{3433B8C4-4D88-48C6-8DC2-5FBAB0590D7F}"
EndProject
Project("{9A19103F-16F7-4668-BE54-9A1E7A4F7556}") = "Ookbee.Ads.Persistence", "src\Ookbee.Ads.Persistence\Ookbee.Ads.Persistence.csproj", "{9B49DB6F-84BB-4F14-912D-EF0300F3B3A6}"
EndProject
Project("{FAE04EC0-301F-11D3-BF4B-00C04F79EFBC}") = "Ookbee.Ads.Services.Ad", "src\Ookbee.Ads.Services.Ad\Ookbee.Ads.Services.Ad.csproj", "{E854BF65-32F8-453D-A447-D2BBF1158DE0}"
EndProject
Project("{9A19103F-16F7-4668-BE54-9A1E7A4F7556}") = "Ookbee.Ads.Services.Admin", "src\Ookbee.Ads.Services.Admin\Ookbee.Ads.Services.Admin.csproj", "{C0CC04C9-EFE3-4957-A863-9AAEDCB9EFD3}"
EndProject
Project("{9A19103F-16F7-4668-BE54-9A1E7A4F7556}") = "Ookbee.Ads.Services.Analytics", "src\Ookbee.Ads.Services.Analytics\Ookbee.Ads.Services.Analytics.csproj", "{0AF3D5C2-CF2E-4877-A868-C0589A1E82BD}"
EndProject
Project("{9A19103F-16F7-4668-BE54-9A1E7A4F7556}") = "Ookbee.Ads.Services.Identity", "src\Ookbee.Ads.Services.Identity\Ookbee.Ads.Services.Identity.csproj", "{3ED517F9-4CD5-4FD8-B997-6279271A5031}"
EndProject
Project("{2150E333-8FDC-42A3-9474-1A3956D46DE8}") = "src", "src", "{399DC711-394E-46BB-89A3-5600E392DD69}"
EndProject
Global
	GlobalSection(SolutionConfigurationPlatforms) = preSolution
		Debug|Any CPU = Debug|Any CPU
		Debug|x64 = Debug|x64
		Debug|x86 = Debug|x86
		Release|Any CPU = Release|Any CPU
		Release|x64 = Release|x64
		Release|x86 = Release|x86
	EndGlobalSection
	GlobalSection(ProjectConfigurationPlatforms) = postSolution
		{51544C9B-2509-4FAF-A014-9148A35D5E3D}.Debug|Any CPU.ActiveCfg = Debug|Any CPU
		{51544C9B-2509-4FAF-A014-9148A35D5E3D}.Debug|Any CPU.Build.0 = Debug|Any CPU
		{51544C9B-2509-4FAF-A014-9148A35D5E3D}.Debug|x64.ActiveCfg = Debug|Any CPU
		{51544C9B-2509-4FAF-A014-9148A35D5E3D}.Debug|x64.Build.0 = Debug|Any CPU
		{51544C9B-2509-4FAF-A014-9148A35D5E3D}.Debug|x86.ActiveCfg = Debug|Any CPU
		{51544C9B-2509-4FAF-A014-9148A35D5E3D}.Debug|x86.Build.0 = Debug|Any CPU
		{51544C9B-2509-4FAF-A014-9148A35D5E3D}.Release|Any CPU.ActiveCfg = Release|Any CPU
		{51544C9B-2509-4FAF-A014-9148A35D5E3D}.Release|Any CPU.Build.0 = Release|Any CPU
		{51544C9B-2509-4FAF-A014-9148A35D5E3D}.Release|x64.ActiveCfg = Release|Any CPU
		{51544C9B-2509-4FAF-A014-9148A35D5E3D}.Release|x64.Build.0 = Release|Any CPU
		{51544C9B-2509-4FAF-A014-9148A35D5E3D}.Release|x86.ActiveCfg = Release|Any CPU
		{51544C9B-2509-4FAF-A014-9148A35D5E3D}.Release|x86.Build.0 = Release|Any CPU
		{42D06D5D-BA05-497A-97EC-7E6C8A8A1499}.Debug|Any CPU.ActiveCfg = Debug|Any CPU
		{42D06D5D-BA05-497A-97EC-7E6C8A8A1499}.Debug|Any CPU.Build.0 = Debug|Any CPU
		{42D06D5D-BA05-497A-97EC-7E6C8A8A1499}.Debug|x64.ActiveCfg = Debug|Any CPU
		{42D06D5D-BA05-497A-97EC-7E6C8A8A1499}.Debug|x64.Build.0 = Debug|Any CPU
		{42D06D5D-BA05-497A-97EC-7E6C8A8A1499}.Debug|x86.ActiveCfg = Debug|Any CPU
		{42D06D5D-BA05-497A-97EC-7E6C8A8A1499}.Debug|x86.Build.0 = Debug|Any CPU
		{42D06D5D-BA05-497A-97EC-7E6C8A8A1499}.Release|Any CPU.ActiveCfg = Release|Any CPU
		{42D06D5D-BA05-497A-97EC-7E6C8A8A1499}.Release|Any CPU.Build.0 = Release|Any CPU
		{42D06D5D-BA05-497A-97EC-7E6C8A8A1499}.Release|x64.ActiveCfg = Release|Any CPU
		{42D06D5D-BA05-497A-97EC-7E6C8A8A1499}.Release|x64.Build.0 = Release|Any CPU
		{42D06D5D-BA05-497A-97EC-7E6C8A8A1499}.Release|x86.ActiveCfg = Release|Any CPU
		{42D06D5D-BA05-497A-97EC-7E6C8A8A1499}.Release|x86.Build.0 = Release|Any CPU
		{2338C7FC-95B7-46C2-9A3E-043AD8462EEA}.Debug|Any CPU.ActiveCfg = Debug|Any CPU
		{2338C7FC-95B7-46C2-9A3E-043AD8462EEA}.Debug|Any CPU.Build.0 = Debug|Any CPU
		{2338C7FC-95B7-46C2-9A3E-043AD8462EEA}.Debug|x64.ActiveCfg = Debug|Any CPU
		{2338C7FC-95B7-46C2-9A3E-043AD8462EEA}.Debug|x64.Build.0 = Debug|Any CPU
		{2338C7FC-95B7-46C2-9A3E-043AD8462EEA}.Debug|x86.ActiveCfg = Debug|Any CPU
		{2338C7FC-95B7-46C2-9A3E-043AD8462EEA}.Debug|x86.Build.0 = Debug|Any CPU
		{2338C7FC-95B7-46C2-9A3E-043AD8462EEA}.Release|Any CPU.ActiveCfg = Release|Any CPU
		{2338C7FC-95B7-46C2-9A3E-043AD8462EEA}.Release|Any CPU.Build.0 = Release|Any CPU
		{2338C7FC-95B7-46C2-9A3E-043AD8462EEA}.Release|x64.ActiveCfg = Release|Any CPU
		{2338C7FC-95B7-46C2-9A3E-043AD8462EEA}.Release|x64.Build.0 = Release|Any CPU
		{2338C7FC-95B7-46C2-9A3E-043AD8462EEA}.Release|x86.ActiveCfg = Release|Any CPU
		{2338C7FC-95B7-46C2-9A3E-043AD8462EEA}.Release|x86.Build.0 = Release|Any CPU
		{3433B8C4-4D88-48C6-8DC2-5FBAB0590D7F}.Debug|Any CPU.ActiveCfg = Debug|Any CPU
		{3433B8C4-4D88-48C6-8DC2-5FBAB0590D7F}.Debug|Any CPU.Build.0 = Debug|Any CPU
		{3433B8C4-4D88-48C6-8DC2-5FBAB0590D7F}.Debug|x64.ActiveCfg = Debug|Any CPU
		{3433B8C4-4D88-48C6-8DC2-5FBAB0590D7F}.Debug|x64.Build.0 = Debug|Any CPU
		{3433B8C4-4D88-48C6-8DC2-5FBAB0590D7F}.Debug|x86.ActiveCfg = Debug|Any CPU
		{3433B8C4-4D88-48C6-8DC2-5FBAB0590D7F}.Debug|x86.Build.0 = Debug|Any CPU
		{3433B8C4-4D88-48C6-8DC2-5FBAB0590D7F}.Release|Any CPU.ActiveCfg = Release|Any CPU
		{3433B8C4-4D88-48C6-8DC2-5FBAB0590D7F}.Release|Any CPU.Build.0 = Release|Any CPU
		{3433B8C4-4D88-48C6-8DC2-5FBAB0590D7F}.Release|x64.ActiveCfg = Release|Any CPU
		{3433B8C4-4D88-48C6-8DC2-5FBAB0590D7F}.Release|x64.Build.0 = Release|Any CPU
		{3433B8C4-4D88-48C6-8DC2-5FBAB0590D7F}.Release|x86.ActiveCfg = Release|Any CPU
		{3433B8C4-4D88-48C6-8DC2-5FBAB0590D7F}.Release|x86.Build.0 = Release|Any CPU
		{9B49DB6F-84BB-4F14-912D-EF0300F3B3A6}.Debug|Any CPU.ActiveCfg = Debug|Any CPU
		{9B49DB6F-84BB-4F14-912D-EF0300F3B3A6}.Debug|Any CPU.Build.0 = Debug|Any CPU
		{9B49DB6F-84BB-4F14-912D-EF0300F3B3A6}.Debug|x64.ActiveCfg = Debug|Any CPU
		{9B49DB6F-84BB-4F14-912D-EF0300F3B3A6}.Debug|x64.Build.0 = Debug|Any CPU
		{9B49DB6F-84BB-4F14-912D-EF0300F3B3A6}.Debug|x86.ActiveCfg = Debug|Any CPU
		{9B49DB6F-84BB-4F14-912D-EF0300F3B3A6}.Debug|x86.Build.0 = Debug|Any CPU
		{9B49DB6F-84BB-4F14-912D-EF0300F3B3A6}.Release|Any CPU.ActiveCfg = Release|Any CPU
		{9B49DB6F-84BB-4F14-912D-EF0300F3B3A6}.Release|Any CPU.Build.0 = Release|Any CPU
		{9B49DB6F-84BB-4F14-912D-EF0300F3B3A6}.Release|x64.ActiveCfg = Release|Any CPU
		{9B49DB6F-84BB-4F14-912D-EF0300F3B3A6}.Release|x64.Build.0 = Release|Any CPU
		{9B49DB6F-84BB-4F14-912D-EF0300F3B3A6}.Release|x86.ActiveCfg = Release|Any CPU
		{9B49DB6F-84BB-4F14-912D-EF0300F3B3A6}.Release|x86.Build.0 = Release|Any CPU
		{E854BF65-32F8-453D-A447-D2BBF1158DE0}.Debug|Any CPU.ActiveCfg = Debug|Any CPU
		{E854BF65-32F8-453D-A447-D2BBF1158DE0}.Debug|Any CPU.Build.0 = Debug|Any CPU
		{E854BF65-32F8-453D-A447-D2BBF1158DE0}.Debug|x64.ActiveCfg = Debug|Any CPU
		{E854BF65-32F8-453D-A447-D2BBF1158DE0}.Debug|x64.Build.0 = Debug|Any CPU
		{E854BF65-32F8-453D-A447-D2BBF1158DE0}.Debug|x86.ActiveCfg = Debug|Any CPU
		{E854BF65-32F8-453D-A447-D2BBF1158DE0}.Debug|x86.Build.0 = Debug|Any CPU
		{E854BF65-32F8-453D-A447-D2BBF1158DE0}.Release|Any CPU.ActiveCfg = Release|Any CPU
		{E854BF65-32F8-453D-A447-D2BBF1158DE0}.Release|Any CPU.Build.0 = Release|Any CPU
		{E854BF65-32F8-453D-A447-D2BBF1158DE0}.Release|x64.ActiveCfg = Release|Any CPU
		{E854BF65-32F8-453D-A447-D2BBF1158DE0}.Release|x64.Build.0 = Release|Any CPU
		{E854BF65-32F8-453D-A447-D2BBF1158DE0}.Release|x86.ActiveCfg = Release|Any CPU
		{E854BF65-32F8-453D-A447-D2BBF1158DE0}.Release|x86.Build.0 = Release|Any CPU
		{C0CC04C9-EFE3-4957-A863-9AAEDCB9EFD3}.Debug|Any CPU.ActiveCfg = Debug|Any CPU
		{C0CC04C9-EFE3-4957-A863-9AAEDCB9EFD3}.Debug|Any CPU.Build.0 = Debug|Any CPU
		{C0CC04C9-EFE3-4957-A863-9AAEDCB9EFD3}.Debug|x64.ActiveCfg = Debug|Any CPU
		{C0CC04C9-EFE3-4957-A863-9AAEDCB9EFD3}.Debug|x64.Build.0 = Debug|Any CPU
		{C0CC04C9-EFE3-4957-A863-9AAEDCB9EFD3}.Debug|x86.ActiveCfg = Debug|Any CPU
		{C0CC04C9-EFE3-4957-A863-9AAEDCB9EFD3}.Debug|x86.Build.0 = Debug|Any CPU
		{C0CC04C9-EFE3-4957-A863-9AAEDCB9EFD3}.Release|Any CPU.ActiveCfg = Release|Any CPU
		{C0CC04C9-EFE3-4957-A863-9AAEDCB9EFD3}.Release|Any CPU.Build.0 = Release|Any CPU
		{C0CC04C9-EFE3-4957-A863-9AAEDCB9EFD3}.Release|x64.ActiveCfg = Release|Any CPU
		{C0CC04C9-EFE3-4957-A863-9AAEDCB9EFD3}.Release|x64.Build.0 = Release|Any CPU
		{C0CC04C9-EFE3-4957-A863-9AAEDCB9EFD3}.Release|x86.ActiveCfg = Release|Any CPU
		{C0CC04C9-EFE3-4957-A863-9AAEDCB9EFD3}.Release|x86.Build.0 = Release|Any CPU
		{0AF3D5C2-CF2E-4877-A868-C0589A1E82BD}.Debug|Any CPU.ActiveCfg = Debug|Any CPU
		{0AF3D5C2-CF2E-4877-A868-C0589A1E82BD}.Debug|Any CPU.Build.0 = Debug|Any CPU
		{0AF3D5C2-CF2E-4877-A868-C0589A1E82BD}.Debug|x64.ActiveCfg = Debug|Any CPU
		{0AF3D5C2-CF2E-4877-A868-C0589A1E82BD}.Debug|x64.Build.0 = Debug|Any CPU
		{0AF3D5C2-CF2E-4877-A868-C0589A1E82BD}.Debug|x86.ActiveCfg = Debug|Any CPU
		{0AF3D5C2-CF2E-4877-A868-C0589A1E82BD}.Debug|x86.Build.0 = Debug|Any CPU
		{0AF3D5C2-CF2E-4877-A868-C0589A1E82BD}.Release|Any CPU.ActiveCfg = Release|Any CPU
		{0AF3D5C2-CF2E-4877-A868-C0589A1E82BD}.Release|Any CPU.Build.0 = Release|Any CPU
		{0AF3D5C2-CF2E-4877-A868-C0589A1E82BD}.Release|x64.ActiveCfg = Release|Any CPU
		{0AF3D5C2-CF2E-4877-A868-C0589A1E82BD}.Release|x64.Build.0 = Release|Any CPU
		{0AF3D5C2-CF2E-4877-A868-C0589A1E82BD}.Release|x86.ActiveCfg = Release|Any CPU
		{0AF3D5C2-CF2E-4877-A868-C0589A1E82BD}.Release|x86.Build.0 = Release|Any CPU
		{3ED517F9-4CD5-4FD8-B997-6279271A5031}.Debug|Any CPU.ActiveCfg = Debug|Any CPU
		{3ED517F9-4CD5-4FD8-B997-6279271A5031}.Debug|Any CPU.Build.0 = Debug|Any CPU
		{3ED517F9-4CD5-4FD8-B997-6279271A5031}.Debug|x64.ActiveCfg = Debug|Any CPU
		{3ED517F9-4CD5-4FD8-B997-6279271A5031}.Debug|x64.Build.0 = Debug|Any CPU
		{3ED517F9-4CD5-4FD8-B997-6279271A5031}.Debug|x86.ActiveCfg = Debug|Any CPU
		{3ED517F9-4CD5-4FD8-B997-6279271A5031}.Debug|x86.Build.0 = Debug|Any CPU
		{3ED517F9-4CD5-4FD8-B997-6279271A5031}.Release|Any CPU.ActiveCfg = Release|Any CPU
		{3ED517F9-4CD5-4FD8-B997-6279271A5031}.Release|Any CPU.Build.0 = Release|Any CPU
		{3ED517F9-4CD5-4FD8-B997-6279271A5031}.Release|x64.ActiveCfg = Release|Any CPU
		{3ED517F9-4CD5-4FD8-B997-6279271A5031}.Release|x64.Build.0 = Release|Any CPU
		{3ED517F9-4CD5-4FD8-B997-6279271A5031}.Release|x86.ActiveCfg = Release|Any CPU
		{3ED517F9-4CD5-4FD8-B997-6279271A5031}.Release|x86.Build.0 = Release|Any CPU
	EndGlobalSection
	GlobalSection(SolutionProperties) = preSolution
		HideSolutionNode = FALSE
	EndGlobalSection
	GlobalSection(NestedProjects) = preSolution
		{51544C9B-2509-4FAF-A014-9148A35D5E3D} = {399DC711-394E-46BB-89A3-5600E392DD69}
		{42D06D5D-BA05-497A-97EC-7E6C8A8A1499} = {399DC711-394E-46BB-89A3-5600E392DD69}
		{2338C7FC-95B7-46C2-9A3E-043AD8462EEA} = {399DC711-394E-46BB-89A3-5600E392DD69}
		{3433B8C4-4D88-48C6-8DC2-5FBAB0590D7F} = {399DC711-394E-46BB-89A3-5600E392DD69}
		{9B49DB6F-84BB-4F14-912D-EF0300F3B3A6} = {399DC711-394E-46BB-89A3-5600E392DD69}
		{C0CC04C9-EFE3-4957-A863-9AAEDCB9EFD3} = {399DC711-394E-46BB-89A3-5600E392DD69}
		{0AF3D5C2-CF2E-4877-A868-C0589A1E82BD} = {399DC711-394E-46BB-89A3-5600E392DD69}
		{3ED517F9-4CD5-4FD8-B997-6279271A5031} = {399DC711-394E-46BB-89A3-5600E392DD69}
		{E854BF65-32F8-453D-A447-D2BBF1158DE0} = {399DC711-394E-46BB-89A3-5600E392DD69}
	EndGlobalSection
	GlobalSection(ExtensibilityGlobals) = postSolution
		SolutionGuid = {61E3BA37-ACF4-4EB3-83A3-764E2FD0D967}
	EndGlobalSection
EndGlobal
